// !$*UTF8*$!
{
	archiveVersion = 1;
	classes = {
	};
	objectVersion = 46;
	objects = {

/* Begin PBXBuildFile section */
		CCFF958D1ECB415F007C0CB7 /* main.m in Sources */ = {isa = PBXBuildFile; fileRef = CCFF958C1ECB415F007C0CB7 /* main.m */; };
		CCFF95901ECB415F007C0CB7 /* AppDelegate.m in Sources */ = {isa = PBXBuildFile; fileRef = CCFF958F1ECB415F007C0CB7 /* AppDelegate.m */; };
		CCFF95931ECB415F007C0CB7 /* ViewController.m in Sources */ = {isa = PBXBuildFile; fileRef = CCFF95921ECB415F007C0CB7 /* ViewController.m */; };
		CCFF95961ECB415F007C0CB7 /* Main.storyboard in Resources */ = {isa = PBXBuildFile; fileRef = CCFF95941ECB415F007C0CB7 /* Main.storyboard */; };
		CCFF95981ECB415F007C0CB7 /* Assets.xcassets in Resources */ = {isa = PBXBuildFile; fileRef = CCFF95971ECB415F007C0CB7 /* Assets.xcassets */; };
		CCFF959B1ECB415F007C0CB7 /* LaunchScreen.storyboard in Resources */ = {isa = PBXBuildFile; fileRef = CCFF95991ECB415F007C0CB7 /* LaunchScreen.storyboard */; };
		CCFF95A61ECB415F007C0CB7 /* XIBDemoTests.m in Sources */ = {isa = PBXBuildFile; fileRef = CCFF95A51ECB415F007C0CB7 /* XIBDemoTests.m */; };
		CCFF95B11ECB415F007C0CB7 /* XIBDemoUITests.m in Sources */ = {isa = PBXBuildFile; fileRef = CCFF95B01ECB415F007C0CB7 /* XIBDemoUITests.m */; };
/* End PBXBuildFile section */

/* Begin PBXContainerItemProxy section */
		CCFF95A21ECB415F007C0CB7 /* PBXContainerItemProxy */ = {
			isa = PBXContainerItemProxy;
			containerPortal = CCFF95801ECB415F007C0CB7 /* Project object */;
			proxyType = 1;
			remoteGlobalIDString = CCFF95871ECB415F007C0CB7;
			remoteInfo = XIBDemo;
		};
		CCFF95AD1ECB415F007C0CB7 /* PBXContainerItemProxy */ = {
			isa = PBXContainerItemProxy;
			containerPortal = CCFF95801ECB415F007C0CB7 /* Project object */;
			proxyType = 1;
			remoteGlobalIDString = CCFF95871ECB415F007C0CB7;
			remoteInfo = XIBDemo;
		};
/* End PBXContainerItemProxy section */

/* Begin PBXFileReference section */
		CCFF95881ECB415F007C0CB7 /* XIBDemo.app */ = {isa = PBXFileReference; explicitFileType = wrapper.application; includeInIndex = 0; path = XIBDemo.app; sourceTree = BUILT_PRODUCTS_DIR; };
		CCFF958C1ECB415F007C0CB7 /* main.m */ = {isa = PBXFileReference; lastKnownFileType = sourcecode.c.objc; path = main.m; sourceTree = "<group>"; };
		CCFF958E1ECB415F007C0CB7 /* AppDelegate.h */ = {isa = PBXFileReference; lastKnownFileType = sourcecode.c.h; path = AppDelegate.h; sourceTree = "<group>"; };
		CCFF958F1ECB415F007C0CB7 /* AppDelegate.m */ = {isa = PBXFileReference; lastKnownFileType = sourcecode.c.objc; path = AppDelegate.m; sourceTree = "<group>"; };
		CCFF95911ECB415F007C0CB7 /* ViewController.h */ = {isa = PBXFileReference; lastKnownFileType = sourcecode.c.h; path = ViewController.h; sourceTree = "<group>"; };
		CCFF95921ECB415F007C0CB7 /* ViewController.m */ = {isa = PBXFileReference; lastKnownFileType = sourcecode.c.objc; path = ViewController.m; sourceTree = "<group>"; };
		CCFF95951ECB415F007C0CB7 /* Base */ = {isa = PBXFileReference; lastKnownFileType = file.storyboard; name = Base; path = Base.lproj/Main.storyboard; sourceTree = "<group>"; };
		CCFF95971ECB415F007C0CB7 /* Assets.xcassets */ = {isa = PBXFileReference; lastKnownFileType = folder.assetcatalog; path = Assets.xcassets; sourceTree = "<group>"; };
		CCFF959A1ECB415F007C0CB7 /* Base */ = {isa = PBXFileReference; lastKnownFileType = file.storyboard; name = Base; path = Base.lproj/LaunchScreen.storyboard; sourceTree = "<group>"; };
		CCFF959C1ECB415F007C0CB7 /* Info.plist */ = {isa = PBXFileReference; lastKnownFileType = text.plist.xml; path = Info.plist; sourceTree = "<group>"; };
		CCFF95A11ECB415F007C0CB7 /* XIBDemoTests.xctest */ = {isa = PBXFileReference; explicitFileType = wrapper.cfbundle; includeInIndex = 0; path = XIBDemoTests.xctest; sourceTree = BUILT_PRODUCTS_DIR; };
		CCFF95A51ECB415F007C0CB7 /* XIBDemoTests.m */ = {isa = PBXFileReference; lastKnownFileType = sourcecode.c.objc; path = XIBDemoTests.m; sourceTree = "<group>"; };
		CCFF95A71ECB415F007C0CB7 /* Info.plist */ = {isa = PBXFileReference; lastKnownFileType = text.plist.xml; path = Info.plist; sourceTree = "<group>"; };
		CCFF95AC1ECB415F007C0CB7 /* XIBDemoUITests.xctest */ = {isa = PBXFileReference; explicitFileType = wrapper.cfbundle; includeInIndex = 0; path = XIBDemoUITests.xctest; sourceTree = BUILT_PRODUCTS_DIR; };
		CCFF95B01ECB415F007C0CB7 /* XIBDemoUITests.m */ = {isa = PBXFileReference; lastKnownFileType = sourcecode.c.objc; path = XIBDemoUITests.m; sourceTree = "<group>"; };
		CCFF95B21ECB415F007C0CB7 /* Info.plist */ = {isa = PBXFileReference; lastKnownFileType = text.plist.xml; path = Info.plist; sourceTree = "<group>"; };
/* End PBXFileReference section */

/* Begin PBXFrameworksBuildPhase section */
		CCFF95851ECB415F007C0CB7 /* Frameworks */ = {
			isa = PBXFrameworksBuildPhase;
			buildActionMask = 2147483647;
			files = (
			);
			runOnlyForDeploymentPostprocessing = 0;
		};
		CCFF959E1ECB415F007C0CB7 /* Frameworks */ = {
			isa = PBXFrameworksBuildPhase;
			buildActionMask = 2147483647;
			files = (
			);
			runOnlyForDeploymentPostprocessing = 0;
		};
		CCFF95A91ECB415F007C0CB7 /* Frameworks */ = {
			isa = PBXFrameworksBuildPhase;
			buildActionMask = 2147483647;
			files = (
			);
			runOnlyForDeploymentPostprocessing = 0;
		};
/* End PBXFrameworksBuildPhase section */

/* Begin PBXGroup section */
		CCFF957F1ECB415F007C0CB7 = {
			isa = PBXGroup;
			children = (
				CCFF958A1ECB415F007C0CB7 /* XIBDemo */,
				CCFF95A41ECB415F007C0CB7 /* XIBDemoTests */,
				CCFF95AF1ECB415F007C0CB7 /* XIBDemoUITests */,
				CCFF95891ECB415F007C0CB7 /* Products */,
			);
			sourceTree = "<group>";
		};
		CCFF95891ECB415F007C0CB7 /* Products */ = {
			isa = PBXGroup;
			children = (
				CCFF95881ECB415F007C0CB7 /* XIBDemo.app */,
				CCFF95A11ECB415F007C0CB7 /* XIBDemoTests.xctest */,
				CCFF95AC1ECB415F007C0CB7 /* XIBDemoUITests.xctest */,
			);
			name = Products;
			sourceTree = "<group>";
		};
		CCFF958A1ECB415F007C0CB7 /* XIBDemo */ = {
			isa = PBXGroup;
			children = (
				CCFF958E1ECB415F007C0CB7 /* AppDelegate.h */,
				CCFF958F1ECB415F007C0CB7 /* AppDelegate.m */,
				CCFF95911ECB415F007C0CB7 /* ViewController.h */,
				CCFF95921ECB415F007C0CB7 /* ViewController.m */,
				CCFF95941ECB415F007C0CB7 /* Main.storyboard */,
				CCFF95971ECB415F007C0CB7 /* Assets.xcassets */,
				CCFF95991ECB415F007C0CB7 /* LaunchScreen.storyboard */,
				CCFF959C1ECB415F007C0CB7 /* Info.plist */,
				CCFF958B1ECB415F007C0CB7 /* Supporting Files */,
			);
			path = XIBDemo;
			sourceTree = "<group>";
		};
		CCFF958B1ECB415F007C0CB7 /* Supporting Files */ = {
			isa = PBXGroup;
			children = (
				CCFF958C1ECB415F007C0CB7 /* main.m */,
			);
			name = "Supporting Files";
			sourceTree = "<group>";
		};
		CCFF95A41ECB415F007C0CB7 /* XIBDemoTests */ = {
			isa = PBXGroup;
			children = (
				CCFF95A51ECB415F007C0CB7 /* XIBDemoTests.m */,
				CCFF95A71ECB415F007C0CB7 /* Info.plist */,
			);
			path = XIBDemoTests;
			sourceTree = "<group>";
		};
		CCFF95AF1ECB415F007C0CB7 /* XIBDemoUITests */ = {
			isa = PBXGroup;
			children = (
				CCFF95B01ECB415F007C0CB7 /* XIBDemoUITests.m */,
				CCFF95B21ECB415F007C0CB7 /* Info.plist */,
			);
			path = XIBDemoUITests;
			sourceTree = "<group>";
		};
/* End PBXGroup section */

/* Begin PBXNativeTarget section */
		CCFF95871ECB415F007C0CB7 /* XIBDemo */ = {
			isa = PBXNativeTarget;
			buildConfigurationList = CCFF95B51ECB415F007C0CB7 /* Build configuration list for PBXNativeTarget "XIBDemo" */;
			buildPhases = (
				CCFF95841ECB415F007C0CB7 /* Sources */,
				CCFF95851ECB415F007C0CB7 /* Frameworks */,
				CCFF95861ECB415F007C0CB7 /* Resources */,
			);
			buildRules = (
			);
			dependencies = (
			);
			name = XIBDemo;
			productName = XIBDemo;
			productReference = CCFF95881ECB415F007C0CB7 /* XIBDemo.app */;
			productType = "com.apple.product-type.application";
		};
		CCFF95A01ECB415F007C0CB7 /* XIBDemoTests */ = {
			isa = PBXNativeTarget;
			buildConfigurationList = CCFF95B81ECB415F007C0CB7 /* Build configuration list for PBXNativeTarget "XIBDemoTests" */;
			buildPhases = (
				CCFF959D1ECB415F007C0CB7 /* Sources */,
				CCFF959E1ECB415F007C0CB7 /* Frameworks */,
				CCFF959F1ECB415F007C0CB7 /* Resources */,
			);
			buildRules = (
			);
			dependencies = (
				CCFF95A31ECB415F007C0CB7 /* PBXTargetDependency */,
			);
			name = XIBDemoTests;
			productName = XIBDemoTests;
			productReference = CCFF95A11ECB415F007C0CB7 /* XIBDemoTests.xctest */;
			productType = "com.apple.product-type.bundle.unit-test";
		};
		CCFF95AB1ECB415F007C0CB7 /* XIBDemoUITests */ = {
			isa = PBXNativeTarget;
			buildConfigurationList = CCFF95BB1ECB415F007C0CB7 /* Build configuration list for PBXNativeTarget "XIBDemoUITests" */;
			buildPhases = (
				CCFF95A81ECB415F007C0CB7 /* Sources */,
				CCFF95A91ECB415F007C0CB7 /* Frameworks */,
				CCFF95AA1ECB415F007C0CB7 /* Resources */,
			);
			buildRules = (
			);
			dependencies = (
				CCFF95AE1ECB415F007C0CB7 /* PBXTargetDependency */,
			);
			name = XIBDemoUITests;
			productName = XIBDemoUITests;
			productReference = CCFF95AC1ECB415F007C0CB7 /* XIBDemoUITests.xctest */;
			productType = "com.apple.product-type.bundle.ui-testing";
		};
/* End PBXNativeTarget section */

/* Begin PBXProject section */
		CCFF95801ECB415F007C0CB7 /* Project object */ = {
			isa = PBXProject;
			attributes = {
				LastUpgradeCheck = 0830;
				ORGANIZATIONNAME = gwc;
				TargetAttributes = {
					CCFF95871ECB415F007C0CB7 = {
						CreatedOnToolsVersion = 8.3.2;
						ProvisioningStyle = Automatic;
					};
					CCFF95A01ECB415F007C0CB7 = {
						CreatedOnToolsVersion = 8.3.2;
						ProvisioningStyle = Automatic;
						TestTargetID = CCFF95871ECB415F007C0CB7;
					};
					CCFF95AB1ECB415F007C0CB7 = {
						CreatedOnToolsVersion = 8.3.2;
						ProvisioningStyle = Automatic;
						TestTargetID = CCFF95871ECB415F007C0CB7;
					};
				};
			};
			buildConfigurationList = CCFF95831ECB415F007C0CB7 /* Build configuration list for PBXProject "XIBDemo" */;
			compatibilityVersion = "Xcode 3.2";
			developmentRegion = English;
			hasScannedForEncodings = 0;
			knownRegions = (
				en,
				Base,
			);
			mainGroup = CCFF957F1ECB415F007C0CB7;
			productRefGroup = CCFF95891ECB415F007C0CB7 /* Products */;
			projectDirPath = "";
			projectRoot = "";
			targets = (
				CCFF95871ECB415F007C0CB7 /* XIBDemo */,
				CCFF95A01ECB415F007C0CB7 /* XIBDemoTests */,
				CCFF95AB1ECB415F007C0CB7 /* XIBDemoUITests */,
			);
		};
/* End PBXProject section */

/* Begin PBXResourcesBuildPhase section */
		CCFF95861ECB415F007C0CB7 /* Resources */ = {
			isa = PBXResourcesBuildPhase;
			buildActionMask = 2147483647;
			files = (
				CCFF959B1ECB415F007C0CB7 /* LaunchScreen.storyboard in Resources */,
				CCFF95981ECB415F007C0CB7 /* Assets.xcassets in Resources */,
				CCFF95961ECB415F007C0CB7 /* Main.storyboard in Resources */,
			);
			runOnlyForDeploymentPostprocessing = 0;
		};
		CCFF959F1ECB415F007C0CB7 /* Resources */ = {
			isa = PBXResourcesBuildPhase;
			buildActionMask = 2147483647;
			files = (
			);
			runOnlyForDeploymentPostprocessing = 0;
		};
		CCFF95AA1ECB415F007C0CB7 /* Resources */ = {
			isa = PBXResourcesBuildPhase;
			buildActionMask = 2147483647;
			files = (
			);
			runOnlyForDeploymentPostprocessing = 0;
		};
/* End PBXResourcesBuildPhase section */

/* Begin PBXSourcesBuildPhase section */
		CCFF95841ECB415F007C0CB7 /* Sources */ = {
			isa = PBXSourcesBuildPhase;
			buildActionMask = 2147483647;
			files = (
				CCFF95931ECB415F007C0CB7 /* ViewController.m in Sources */,
				CCFF95901ECB415F007C0CB7 /* AppDelegate.m in Sources */,
				CCFF958D1ECB415F007C0CB7 /* main.m in Sources */,
			);
			runOnlyForDeploymentPostprocessing = 0;
		};
		CCFF959D1ECB415F007C0CB7 /* Sources */ = {
			isa = PBXSourcesBuildPhase;
			buildActionMask = 2147483647;
			files = (
				CCFF95A61ECB415F007C0CB7 /* XIBDemoTests.m in Sources */,
			);
			runOnlyForDeploymentPostprocessing = 0;
		};
		CCFF95A81ECB415F007C0CB7 /* Sources */ = {
			isa = PBXSourcesBuildPhase;
			buildActionMask = 2147483647;
			files = (
				CCFF95B11ECB415F007C0CB7 /* XIBDemoUITests.m in Sources */,
			);
			runOnlyForDeploymentPostprocessing = 0;
		};
/* End PBXSourcesBuildPhase section */

/* Begin PBXTargetDependency section */
		CCFF95A31ECB415F007C0CB7 /* PBXTargetDependency */ = {
			isa = PBXTargetDependency;
			target = CCFF95871ECB415F007C0CB7 /* XIBDemo */;
			targetProxy = CCFF95A21ECB415F007C0CB7 /* PBXContainerItemProxy */;
		};
		CCFF95AE1ECB415F007C0CB7 /* PBXTargetDependency */ = {
			isa = PBXTargetDependency;
			target = CCFF95871ECB415F007C0CB7 /* XIBDemo */;
			targetProxy = CCFF95AD1ECB415F007C0CB7 /* PBXContainerItemProxy */;
		};
/* End PBXTargetDependency section */

/* Begin PBXVariantGroup section */
		CCFF95941ECB415F007C0CB7 /* Main.storyboard */ = {
			isa = PBXVariantGroup;
			children = (
				CCFF95951ECB415F007C0CB7 /* Base */,
			);
			name = Main.storyboard;
			sourceTree = "<group>";
		};
		CCFF95991ECB415F007C0CB7 /* LaunchScreen.storyboard */ = {
			isa = PBXVariantGroup;
			children = (
				CCFF959A1ECB415F007C0CB7 /* Base */,
			);
			name = LaunchScreen.storyboard;
			sourceTree = "<group>";
		};
/* End PBXVariantGroup section */

/* Begin XCBuildConfiguration section */
		CCFF95B31ECB415F007C0CB7 /* Debug */ = {
			isa = XCBuildConfiguration;
			buildSettings = {
				ALWAYS_SEARCH_USER_PATHS = NO;
				CLANG_ANALYZER_NONNULL = YES;
				CLANG_ANALYZER_NUMBER_OBJECT_CONVERSION = YES_AGGRESSIVE;
				CLANG_CXX_LANGUAGE_STANDARD = "gnu++0x";
				CLANG_CXX_LIBRARY = "libc++";
				CLANG_ENABLE_MODULES = YES;
				CLANG_ENABLE_OBJC_ARC = YES;
				CLANG_WARN_BOOL_CONVERSION = YES;
				CLANG_WARN_CONSTANT_CONVERSION = YES;
				CLANG_WARN_DIRECT_OBJC_ISA_USAGE = YES_ERROR;
				CLANG_WARN_DOCUMENTATION_COMMENTS = YES;
				CLANG_WARN_EMPTY_BODY = YES;
				CLANG_WARN_ENUM_CONVERSION = YES;
				CLANG_WARN_INFINITE_RECURSION = YES;
				CLANG_WARN_INT_CONVERSION = YES;
				CLANG_WARN_OBJC_ROOT_CLASS = YES_ERROR;
				CLANG_WARN_SUSPICIOUS_MOVE = YES;
				CLANG_WARN_UNREACHABLE_CODE = YES;
				CLANG_WARN__DUPLICATE_METHOD_MATCH = YES;
				"CODE_SIGN_IDENTITY[sdk=iphoneos*]" = "iPhone Developer";
				COPY_PHASE_STRIP = NO;
				DEBUG_INFORMATION_FORMAT = dwarf;
				ENABLE_STRICT_OBJC_MSGSEND = YES;
				ENABLE_TESTABILITY = YES;
				GCC_C_LANGUAGE_STANDARD = gnu99;
				GCC_DYNAMIC_NO_PIC = NO;
				GCC_NO_COMMON_BLOCKS = YES;
				GCC_OPTIMIZATION_LEVEL = 0;
				GCC_PREPROCESSOR_DEFINITIONS = (
					"DEBUG=1",
					"$(inherited)",
				);
				GCC_WARN_64_TO_32_BIT_CONVERSION = YES;
				GCC_WARN_ABOUT_RETURN_TYPE = YES_ERROR;
				GCC_WARN_UNDECLARED_SELECTOR = YES;
				GCC_WARN_UNINITIALIZED_AUTOS = YES_AGGRESSIVE;
				GCC_WARN_UNUSED_FUNCTION = YES;
				GCC_WARN_UNUSED_VARIABLE = YES;
				IPHONEOS_DEPLOYMENT_TARGET = 10.3;
				MTL_ENABLE_DEBUG_INFO = YES;
				ONLY_ACTIVE_ARCH = YES;
				SDKROOT = iphoneos;
			};
			name = Debug;
		};
		CCFF95B41ECB415F007C0CB7 /* Release */ = {
			isa = XCBuildConfiguration;
			buildSettings = {
				ALWAYS_SEARCH_USER_PATHS = NO;
				CLANG_ANALYZER_NONNULL = YES;
				CLANG_ANALYZER_NUMBER_OBJECT_CONVERSION = YES_AGGRESSIVE;
				CLANG_CXX_LANGUAGE_STANDARD = "gnu++0x";
				CLANG_CXX_LIBRARY = "libc++";
				CLANG_ENABLE_MODULES = YES;
				CLANG_ENABLE_OBJC_ARC = YES;
				CLANG_WARN_BOOL_CONVERSION = YES;
				CLANG_WARN_CONSTANT_CONVERSION = YES;
				CLANG_WARN_DIRECT_OBJC_ISA_USAGE = YES_ERROR;
				CLANG_WARN_DOCUMENTATION_COMMENTS = YES;
				CLANG_WARN_EMPTY_BODY = YES;
				CLANG_WARN_ENUM_CONVERSION = YES;
				CLANG_WARN_INFINITE_RECURSION = YES;
				CLANG_WARN_INT_CONVERSION = YES;
				CLANG_WARN_OBJC_ROOT_CLASS = YES_ERROR;
				CLANG_WARN_SUSPICIOUS_MOVE = YES;
				CLANG_WARN_UNREACHABLE_CODE = YES;
				CLANG_WARN__DUPLICATE_METHOD_MATCH = YES;
				"CODE_SIGN_IDENTITY[sdk=iphoneos*]" = "iPhone Developer";
				COPY_PHASE_STRIP = NO;
				DEBUG_INFORMATION_FORMAT = "dwarf-with-dsym";
				ENABLE_NS_ASSERTIONS = NO;
				ENABLE_STRICT_OBJC_MSGSEND = YES;
				GCC_C_LANGUAGE_STANDARD = gnu99;
				GCC_NO_COMMON_BLOCKS = YES;
				GCC_WARN_64_TO_32_BIT_CONVERSION = YES;
				GCC_WARN_ABOUT_RETURN_TYPE = YES_ERROR;
				GCC_WARN_UNDECLARED_SELECTOR = YES;
				GCC_WARN_UNINITIALIZED_AUTOS = YES_AGGRESSIVE;
				GCC_WARN_UNUSED_FUNCTION = YES;
				GCC_WARN_UNUSED_VARIABLE = YES;
				IPHONEOS_DEPLOYMENT_TARGET = 10.3;
				MTL_ENABLE_DEBUG_INFO = NO;
				SDKROOT = iphoneos;
				VALIDATE_PRODUCT = YES;
			};
			name = Release;
		};
		CCFF95B61ECB415F007C0CB7 /* Debug */ = {
			isa = XCBuildConfiguration;
			buildSettings = {
				ASSETCATALOG_COMPILER_APPICON_NAME = AppIcon;
				INFOPLIST_FILE = XIBDemo/Info.plist;
				LD_RUNPATH_SEARCH_PATHS = "$(inherited) @executable_path/Frameworks";
				PRODUCT_BUNDLE_IDENTIFIER = guanweicheng.XIBDemo;
				PRODUCT_NAME = "$(TARGET_NAME)";
			};
			name = Debug;
		};
		CCFF95B71ECB415F007C0CB7 /* Release */ = {
			isa = XCBuildConfiguration;
			buildSettings = {
				ASSETCATALOG_COMPILER_APPICON_NAME = AppIcon;
				INFOPLIST_FILE = XIBDemo/Info.plist;
				LD_RUNPATH_SEARCH_PATHS = "$(inherited) @executable_path/Frameworks";
				PRODUCT_BUNDLE_IDENTIFIER = guanweicheng.XIBDemo;
				PRODUCT_NAME = "$(TARGET_NAME)";
			};
			name = Release;
		};
		CCFF95B91ECB415F007C0CB7 /* Debug */ = {
			isa = XCBuildConfiguration;
			buildSettings = {
				BUNDLE_LOADER = "$(TEST_HOST)";
				INFOPLIST_FILE = XIBDemoTests/Info.plist;
				LD_RUNPATH_SEARCH_PATHS = "$(inherited) @executable_path/Frameworks @loader_path/Frameworks";
				PRODUCT_BUNDLE_IDENTIFIER = guanweicheng.XIBDemoTests;
				PRODUCT_NAME = "$(TARGET_NAME)";
				TEST_HOST = "$(BUILT_PRODUCTS_DIR)/XIBDemo.app/XIBDemo";
			};
			name = Debug;
		};
		CCFF95BA1ECB415F007C0CB7 /* Release */ = {
			isa = XCBuildConfiguration;
			buildSettings = {
				BUNDLE_LOADER = "$(TEST_HOST)";
				INFOPLIST_FILE = XIBDemoTests/Info.plist;
				LD_RUNPATH_SEARCH_PATHS = "$(inherited) @executable_path/Frameworks @loader_path/Frameworks";
				PRODUCT_BUNDLE_IDENTIFIER = guanweicheng.XIBDemoTests;
				PRODUCT_NAME = "$(TARGET_NAME)";
				TEST_HOST = "$(BUILT_PRODUCTS_DIR)/XIBDemo.app/XIBDemo";
			};
			name = Release;
		};
		CCFF95BC1ECB415F007C0CB7 /* Debug */ = {
			isa = XCBuildConfiguration;
			buildSettings = {
				INFOPLIST_FILE = XIBDemoUITests/Info.plist;
				LD_RUNPATH_SEARCH_PATHS = "$(inherited) @executable_path/Frameworks @loader_path/Frameworks";
				PRODUCT_BUNDLE_IDENTIFIER = guanweicheng.XIBDemoUITests;
				PRODUCT_NAME = "$(TARGET_NAME)";
				TEST_TARGET_NAME = XIBDemo;
			};
			name = Debug;
		};
		CCFF95BD1ECB415F007C0CB7 /* Release */ = {
			isa = XCBuildConfiguration;
			buildSettings = {
				INFOPLIST_FILE = XIBDemoUITests/Info.plist;
				LD_RUNPATH_SEARCH_PATHS = "$(inherited) @executable_path/Frameworks @loader_path/Frameworks";
				PRODUCT_BUNDLE_IDENTIFIER = guanweicheng.XIBDemoUITests;
				PRODUCT_NAME = "$(TARGET_NAME)";
				TEST_TARGET_NAME = XIBDemo;
			};
			name = Release;
		};
/* End XCBuildConfiguration section */

/* Begin XCConfigurationList section */
		CCFF95831ECB415F007C0CB7 /* Build configuration list for PBXProject "XIBDemo" */ = {
			isa = XCConfigurationList;
			buildConfigurations = (
				CCFF95B31ECB415F007C0CB7 /* Debug */,
				CCFF95B41ECB415F007C0CB7 /* Release */,
			);
			defaultConfigurationIsVisible = 0;
			defaultConfigurationName = Release;
		};
		CCFF95B51ECB415F007C0CB7 /* Build configuration list for PBXNativeTarget "XIBDemo" */ = {
			isa = XCConfigurationList;
			buildConfigurations = (
				CCFF95B61ECB415F007C0CB7 /* Debug */,
				CCFF95B71ECB415F007C0CB7 /* Release */,
			);
			defaultConfigurationIsVisible = 0;
		};
		CCFF95B81ECB415F007C0CB7 /* Build configuration list for PBXNativeTarget "XIBDemoTests" */ = {
			isa = XCConfigurationList;
			buildConfigurations = (
				CCFF95B91ECB415F007C0CB7 /* Debug */,
				CCFF95BA1ECB415F007C0CB7 /* Release */,
			);
			defaultConfigurationIsVisible = 0;
		};
		CCFF95BB1ECB415F007C0CB7 /* Build configuration list for PBXNativeTarget "XIBDemoUITests" */ = {
			isa = XCConfigurationList;
			buildConfigurations = (
				CCFF95BC1ECB415F007C0CB7 /* Debug */,
				CCFF95BD1ECB415F007C0CB7 /* Release */,
			);
			defaultConfigurationIsVisible = 0;
		};
/* End XCConfigurationList section */
	};
	rootObject = CCFF95801ECB415F007C0CB7 /* Project object */;
}
